// !$*UTF8*$!
{
	archiveVersion = 1;
	classes = {
	};
	objectVersion = 46;
	objects = {

/* Begin PBXBuildFile section */
		E7E16017163E964800C1A7D5 /* Cocoa.framework in Frameworks */ = {isa = PBXBuildFile; fileRef = E7E16016163E964800C1A7D5 /* Cocoa.framework */; };
		E7E16021163E964800C1A7D5 /* InfoPlist.strings in Resources */ = {isa = PBXBuildFile; fileRef = E7E1601F163E964800C1A7D5 /* InfoPlist.strings */; };
		E7E16023163E964800C1A7D5 /* main.m in Sources */ = {isa = PBXBuildFile; fileRef = E7E16022163E964800C1A7D5 /* main.m */; };
		E7E16027163E964800C1A7D5 /* Credits.rtf in Resources */ = {isa = PBXBuildFile; fileRef = E7E16025163E964800C1A7D5 /* Credits.rtf */; };
		E7E1602D163E964800C1A7D5 /* MainMenu.xib in Resources */ = {isa = PBXBuildFile; fileRef = E7E1602B163E964800C1A7D5 /* MainMenu.xib */; };
		E7E1603F163E96DD00C1A7D5 /* CCFAppDelegate.m in Sources */ = {isa = PBXBuildFile; fileRef = E7E1603D163E96DD00C1A7D5 /* CCFAppDelegate.m */; };
		E7E16042163E983A00C1A7D5 /* CCFMainWindowController.m in Sources */ = {isa = PBXBuildFile; fileRef = E7E16041163E983A00C1A7D5 /* CCFMainWindowController.m */; };
		E7E16045163E990B00C1A7D5 /* CCFTextView.m in Sources */ = {isa = PBXBuildFile; fileRef = E7E16044163E990B00C1A7D5 /* CCFTextView.m */; };
		E7E16048163E994A00C1A7D5 /* CCFCustomLayoutManager.m in Sources */ = {isa = PBXBuildFile; fileRef = E7E16047163E994A00C1A7D5 /* CCFCustomLayoutManager.m */; };
		E7E16071163EC0F400C1A7D5 /* CCFInitialDefaults.plist in Resources */ = {isa = PBXBuildFile; fileRef = E7E16070163EC0F400C1A7D5 /* CCFInitialDefaults.plist */; };
		E7E16075163EC2FC00C1A7D5 /* CCFUserDefaultConstants.m in Sources */ = {isa = PBXBuildFile; fileRef = E7E16074163EC2FC00C1A7D5 /* CCFUserDefaultConstants.m */; };
		E7E16078163EC43D00C1A7D5 /* CCFDataToColorValueTransformer.m in Sources */ = {isa = PBXBuildFile; fileRef = E7E16077163EC43D00C1A7D5 /* CCFDataToColorValueTransformer.m */; };
/* End PBXBuildFile section */

/* Begin PBXFileReference section */
		E7E16012163E964800C1A7D5 /* CustomAttributeTestApp.app */ = {isa = PBXFileReference; explicitFileType = wrapper.application; includeInIndex = 0; path = CustomAttributeTestApp.app; sourceTree = BUILT_PRODUCTS_DIR; };
		E7E16016163E964800C1A7D5 /* Cocoa.framework */ = {isa = PBXFileReference; lastKnownFileType = wrapper.framework; name = Cocoa.framework; path = System/Library/Frameworks/Cocoa.framework; sourceTree = SDKROOT; };
		E7E16019163E964800C1A7D5 /* AppKit.framework */ = {isa = PBXFileReference; lastKnownFileType = wrapper.framework; name = AppKit.framework; path = System/Library/Frameworks/AppKit.framework; sourceTree = SDKROOT; };
		E7E1601A163E964800C1A7D5 /* CoreData.framework */ = {isa = PBXFileReference; lastKnownFileType = wrapper.framework; name = CoreData.framework; path = System/Library/Frameworks/CoreData.framework; sourceTree = SDKROOT; };
		E7E1601B163E964800C1A7D5 /* Foundation.framework */ = {isa = PBXFileReference; lastKnownFileType = wrapper.framework; name = Foundation.framework; path = System/Library/Frameworks/Foundation.framework; sourceTree = SDKROOT; };
		E7E1601E163E964800C1A7D5 /* CustomAttributeTestApp-Info.plist */ = {isa = PBXFileReference; lastKnownFileType = text.plist.xml; path = "CustomAttributeTestApp-Info.plist"; sourceTree = "<group>"; };
		E7E16020163E964800C1A7D5 /* en */ = {isa = PBXFileReference; lastKnownFileType = text.plist.strings; name = en; path = en.lproj/InfoPlist.strings; sourceTree = "<group>"; };
		E7E16022163E964800C1A7D5 /* main.m */ = {isa = PBXFileReference; lastKnownFileType = sourcecode.c.objc; path = main.m; sourceTree = "<group>"; };
		E7E16024163E964800C1A7D5 /* CustomAttributeTestApp-Prefix.pch */ = {isa = PBXFileReference; lastKnownFileType = sourcecode.c.h; path = "CustomAttributeTestApp-Prefix.pch"; sourceTree = "<group>"; };
		E7E16026163E964800C1A7D5 /* en */ = {isa = PBXFileReference; lastKnownFileType = text.rtf; name = en; path = en.lproj/Credits.rtf; sourceTree = "<group>"; };
		E7E1602C163E964800C1A7D5 /* en */ = {isa = PBXFileReference; lastKnownFileType = file.xib; name = en; path = en.lproj/MainMenu.xib; sourceTree = "<group>"; };
		E7E1603C163E96DD00C1A7D5 /* CCFAppDelegate.h */ = {isa = PBXFileReference; fileEncoding = 4; lastKnownFileType = sourcecode.c.h; path = CCFAppDelegate.h; sourceTree = "<group>"; };
		E7E1603D163E96DD00C1A7D5 /* CCFAppDelegate.m */ = {isa = PBXFileReference; fileEncoding = 4; lastKnownFileType = sourcecode.c.objc; path = CCFAppDelegate.m; sourceTree = "<group>"; };
		E7E16040163E983A00C1A7D5 /* CCFMainWindowController.h */ = {isa = PBXFileReference; fileEncoding = 4; lastKnownFileType = sourcecode.c.h; path = CCFMainWindowController.h; sourceTree = "<group>"; };
		E7E16041163E983A00C1A7D5 /* CCFMainWindowController.m */ = {isa = PBXFileReference; fileEncoding = 4; lastKnownFileType = sourcecode.c.objc; path = CCFMainWindowController.m; sourceTree = "<group>"; };
		E7E16043163E990B00C1A7D5 /* CCFTextView.h */ = {isa = PBXFileReference; fileEncoding = 4; lastKnownFileType = sourcecode.c.h; path = CCFTextView.h; sourceTree = "<group>"; };
		E7E16044163E990B00C1A7D5 /* CCFTextView.m */ = {isa = PBXFileReference; fileEncoding = 4; lastKnownFileType = sourcecode.c.objc; path = CCFTextView.m; sourceTree = "<group>"; };
		E7E16046163E994A00C1A7D5 /* CCFCustomLayoutManager.h */ = {isa = PBXFileReference; fileEncoding = 4; lastKnownFileType = sourcecode.c.h; path = CCFCustomLayoutManager.h; sourceTree = "<group>"; };
		E7E16047163E994A00C1A7D5 /* CCFCustomLayoutManager.m */ = {isa = PBXFileReference; fileEncoding = 4; lastKnownFileType = sourcecode.c.objc; path = CCFCustomLayoutManager.m; sourceTree = "<group>"; };
		E7E16070163EC0F400C1A7D5 /* CCFInitialDefaults.plist */ = {isa = PBXFileReference; fileEncoding = 4; lastKnownFileType = text.plist.xml; path = CCFInitialDefaults.plist; sourceTree = "<group>"; };
		E7E16073163EC2FC00C1A7D5 /* CCFUserDefaultConstants.h */ = {isa = PBXFileReference; fileEncoding = 4; lastKnownFileType = sourcecode.c.h; path = CCFUserDefaultConstants.h; sourceTree = "<group>"; };
		E7E16074163EC2FC00C1A7D5 /* CCFUserDefaultConstants.m */ = {isa = PBXFileReference; fileEncoding = 4; lastKnownFileType = sourcecode.c.objc; path = CCFUserDefaultConstants.m; sourceTree = "<group>"; };
		E7E16076163EC43D00C1A7D5 /* CCFDataToColorValueTransformer.h */ = {isa = PBXFileReference; fileEncoding = 4; lastKnownFileType = sourcecode.c.h; path = CCFDataToColorValueTransformer.h; sourceTree = "<group>"; };
		E7E16077163EC43D00C1A7D5 /* CCFDataToColorValueTransformer.m */ = {isa = PBXFileReference; fileEncoding = 4; lastKnownFileType = sourcecode.c.objc; path = CCFDataToColorValueTransformer.m; sourceTree = "<group>"; };
/* End PBXFileReference section */

/* Begin PBXFrameworksBuildPhase section */
		E7E1600F163E964800C1A7D5 /* Frameworks */ = {
			isa = PBXFrameworksBuildPhase;
			buildActionMask = 2147483647;
			files = (
				E7E16017163E964800C1A7D5 /* Cocoa.framework in Frameworks */,
			);
			runOnlyForDeploymentPostprocessing = 0;
		};
/* End PBXFrameworksBuildPhase section */

/* Begin PBXGroup section */
		E7E16007163E964800C1A7D5 = {
			isa = PBXGroup;
			children = (
				E7E1601C163E964800C1A7D5 /* CustomAttributeTestApp */,
				E7E16015163E964800C1A7D5 /* Frameworks */,
				E7E16013163E964800C1A7D5 /* Products */,
			);
			sourceTree = "<group>";
		};
		E7E16013163E964800C1A7D5 /* Products */ = {
			isa = PBXGroup;
			children = (
				E7E16012163E964800C1A7D5 /* CustomAttributeTestApp.app */,
			);
			name = Products;
			sourceTree = "<group>";
		};
		E7E16015163E964800C1A7D5 /* Frameworks */ = {
			isa = PBXGroup;
			children = (
				E7E16016163E964800C1A7D5 /* Cocoa.framework */,
				E7E16018163E964800C1A7D5 /* Other Frameworks */,
			);
			name = Frameworks;
			sourceTree = "<group>";
		};
		E7E16018163E964800C1A7D5 /* Other Frameworks */ = {
			isa = PBXGroup;
			children = (
				E7E16019163E964800C1A7D5 /* AppKit.framework */,
				E7E1601A163E964800C1A7D5 /* CoreData.framework */,
				E7E1601B163E964800C1A7D5 /* Foundation.framework */,
			);
			name = "Other Frameworks";
			sourceTree = "<group>";
		};
		E7E1601C163E964800C1A7D5 /* CustomAttributeTestApp */ = {
			isa = PBXGroup;
			children = (
				E7E16035163E96DD00C1A7D5 /* model */,
				E7E1603B163E96DD00C1A7D5 /* singletons */,
				E7E16034163E96DD00C1A7D5 /* helper+managers */,
				E7E16033163E96DD00C1A7D5 /* controllers */,
				E7E16036163E96DD00C1A7D5 /* resources */,
				E7E1603E163E96DD00C1A7D5 /* view */,
				E7E1602B163E964800C1A7D5 /* MainMenu.xib */,
				E7E1601D163E964800C1A7D5 /* Supporting Files */,
			);
			path = CustomAttributeTestApp;
			sourceTree = "<group>";
		};
		E7E1601D163E964800C1A7D5 /* Supporting Files */ = {
			isa = PBXGroup;
			children = (
				E7E1601E163E964800C1A7D5 /* CustomAttributeTestApp-Info.plist */,
				E7E1601F163E964800C1A7D5 /* InfoPlist.strings */,
				E7E16022163E964800C1A7D5 /* main.m */,
				E7E16024163E964800C1A7D5 /* CustomAttributeTestApp-Prefix.pch */,
				E7E16025163E964800C1A7D5 /* Credits.rtf */,
				E7E16073163EC2FC00C1A7D5 /* CCFUserDefaultConstants.h */,
				E7E16074163EC2FC00C1A7D5 /* CCFUserDefaultConstants.m */,
			);
			name = "Supporting Files";
			sourceTree = "<group>";
		};
		E7E16033163E96DD00C1A7D5 /* controllers */ = {
			isa = PBXGroup;
			children = (
				E7E16040163E983A00C1A7D5 /* CCFMainWindowController.h */,
				E7E16041163E983A00C1A7D5 /* CCFMainWindowController.m */,
			);
			path = controllers;
			sourceTree = "<group>";
		};
		E7E16034163E96DD00C1A7D5 /* helper+managers */ = {
			isa = PBXGroup;
			children = (
				E7E16046163E994A00C1A7D5 /* CCFCustomLayoutManager.h */,
				E7E16047163E994A00C1A7D5 /* CCFCustomLayoutManager.m */,
				E7E16076163EC43D00C1A7D5 /* CCFDataToColorValueTransformer.h */,
				E7E16077163EC43D00C1A7D5 /* CCFDataToColorValueTransformer.m */,
			);
			path = "helper+managers";
			sourceTree = "<group>";
		};
		E7E16035163E96DD00C1A7D5 /* model */ = {
			isa = PBXGroup;
			children = (
			);
			path = model;
			sourceTree = "<group>";
		};
		E7E16036163E96DD00C1A7D5 /* resources */ = {
			isa = PBXGroup;
			children = (
				E7E16037163E96DD00C1A7D5 /* html */,
				E7E16038163E96DD00C1A7D5 /* images */,
				E7E16039163E96DD00C1A7D5 /* misc */,
				E7E1603A163E96DD00C1A7D5 /* plists */,
			);
			path = resources;
			sourceTree = "<group>";
		};
		E7E16037163E96DD00C1A7D5 /* html */ = {
			isa = PBXGroup;
			children = (
			);
			path = html;
			sourceTree = "<group>";
		};
		E7E16038163E96DD00C1A7D5 /* images */ = {
			isa = PBXGroup;
			children = (
			);
			path = images;
			sourceTree = "<group>";
		};
		E7E16039163E96DD00C1A7D5 /* misc */ = {
			isa = PBXGroup;
			children = (
			);
			path = misc;
			sourceTree = "<group>";
		};
		E7E1603A163E96DD00C1A7D5 /* plists */ = {
			isa = PBXGroup;
			children = (
				E7E16070163EC0F400C1A7D5 /* CCFInitialDefaults.plist */,
			);
			path = plists;
			sourceTree = "<group>";
		};
		E7E1603B163E96DD00C1A7D5 /* singletons */ = {
			isa = PBXGroup;
			children = (
				E7E1603C163E96DD00C1A7D5 /* CCFAppDelegate.h */,
				E7E1603D163E96DD00C1A7D5 /* CCFAppDelegate.m */,
			);
			path = singletons;
			sourceTree = "<group>";
		};
		E7E1603E163E96DD00C1A7D5 /* view */ = {
			isa = PBXGroup;
			children = (
				E7E16043163E990B00C1A7D5 /* CCFTextView.h */,
				E7E16044163E990B00C1A7D5 /* CCFTextView.m */,
			);
			path = view;
			sourceTree = "<group>";
		};
/* End PBXGroup section */

/* Begin PBXNativeTarget section */
		E7E16011163E964800C1A7D5 /* CustomAttributeTestApp */ = {
			isa = PBXNativeTarget;
			buildConfigurationList = E7E16030163E964800C1A7D5 /* Build configuration list for PBXNativeTarget "CustomAttributeTestApp" */;
			buildPhases = (
				E7E1600E163E964800C1A7D5 /* Sources */,
				E7E1600F163E964800C1A7D5 /* Frameworks */,
				E7E16010163E964800C1A7D5 /* Resources */,
			);
			buildRules = (
			);
			dependencies = (
			);
			name = CustomAttributeTestApp;
			productName = CustomAttributeTestApp;
			productReference = E7E16012163E964800C1A7D5 /* CustomAttributeTestApp.app */;
			productType = "com.apple.product-type.application";
		};
/* End PBXNativeTarget section */

/* Begin PBXProject section */
		E7E16009163E964800C1A7D5 /* Project object */ = {
			isa = PBXProject;
			attributes = {
				CLASSPREFIX = CCF;
				LastUpgradeCheck = 0450;
				ORGANIZATIONNAME = "Cocoa Factory, LLC";
			};
			buildConfigurationList = E7E1600C163E964800C1A7D5 /* Build configuration list for PBXProject "CustomAttributeTestApp" */;
			compatibilityVersion = "Xcode 3.2";
			developmentRegion = English;
			hasScannedForEncodings = 0;
			knownRegions = (
				en,
			);
			mainGroup = E7E16007163E964800C1A7D5;
			productRefGroup = E7E16013163E964800C1A7D5 /* Products */;
			projectDirPath = "";
			projectRoot = "";
			targets = (
				E7E16011163E964800C1A7D5 /* CustomAttributeTestApp */,
			);
		};
/* End PBXProject section */

/* Begin PBXResourcesBuildPhase section */
		E7E16010163E964800C1A7D5 /* Resources */ = {
			isa = PBXResourcesBuildPhase;
			buildActionMask = 2147483647;
			files = (
				E7E16021163E964800C1A7D5 /* InfoPlist.strings in Resources */,
				E7E16027163E964800C1A7D5 /* Credits.rtf in Resources */,
				E7E1602D163E964800C1A7D5 /* MainMenu.xib in Resources */,
				E7E16071163EC0F400C1A7D5 /* CCFInitialDefaults.plist in Resources */,
			);
			runOnlyForDeploymentPostprocessing = 0;
		};
/* End PBXResourcesBuildPhase section */

/* Begin PBXSourcesBuildPhase section */
		E7E1600E163E964800C1A7D5 /* Sources */ = {
			isa = PBXSourcesBuildPhase;
			buildActionMask = 2147483647;
			files = (
				E7E16023163E964800C1A7D5 /* main.m in Sources */,
				E7E1603F163E96DD00C1A7D5 /* CCFAppDelegate.m in Sources */,
				E7E16042163E983A00C1A7D5 /* CCFMainWindowController.m in Sources */,
				E7E16045163E990B00C1A7D5 /* CCFTextView.m in Sources */,
				E7E16048163E994A00C1A7D5 /* CCFCustomLayoutManager.m in Sources */,
				E7E16075163EC2FC00C1A7D5 /* CCFUserDefaultConstants.m in Sources */,
				E7E16078163EC43D00C1A7D5 /* CCFDataToColorValueTransformer.m in Sources */,
			);
			runOnlyForDeploymentPostprocessing = 0;
		};
/* End PBXSourcesBuildPhase section */

/* Begin PBXVariantGroup section */
		E7E1601F163E964800C1A7D5 /* InfoPlist.strings */ = {
			isa = PBXVariantGroup;
			children = (
				E7E16020163E964800C1A7D5 /* en */,
			);
			name = InfoPlist.strings;
			sourceTree = "<group>";
		};
		E7E16025163E964800C1A7D5 /* Credits.rtf */ = {
			isa = PBXVariantGroup;
			children = (
				E7E16026163E964800C1A7D5 /* en */,
			);
			name = Credits.rtf;
			sourceTree = "<group>";
		};
		E7E1602B163E964800C1A7D5 /* MainMenu.xib */ = {
			isa = PBXVariantGroup;
			children = (
				E7E1602C163E964800C1A7D5 /* en */,
			);
			name = MainMenu.xib;
			sourceTree = "<group>";
		};
/* End PBXVariantGroup section */

/* Begin XCBuildConfiguration section */
		E7E1602E163E964800C1A7D5 /* Debug */ = {
			isa = XCBuildConfiguration;
			buildSettings = {
				ALWAYS_SEARCH_USER_PATHS = NO;
				ARCHS = "$(ARCHS_STANDARD_64_BIT)";
				CLANG_CXX_LANGUAGE_STANDARD = "gnu++0x";
				CLANG_CXX_LIBRARY = "libc++";
				CLANG_ENABLE_OBJC_ARC = YES;
				CLANG_WARN_EMPTY_BODY = YES;
				CLANG_WARN__DUPLICATE_METHOD_MATCH = YES;
				COPY_PHASE_STRIP = NO;
				GCC_C_LANGUAGE_STANDARD = gnu99;
				GCC_DYNAMIC_NO_PIC = NO;
				GCC_ENABLE_OBJC_EXCEPTIONS = YES;
				GCC_OPTIMIZATION_LEVEL = 0;
				GCC_PREPROCESSOR_DEFINITIONS = (
					"DEBUG=1",
					"$(inherited)",
				);
				GCC_SYMBOLS_PRIVATE_EXTERN = NO;
				GCC_WARN_64_TO_32_BIT_CONVERSION = YES;
				GCC_WARN_ABOUT_RETURN_TYPE = YES;
				GCC_WARN_UNINITIALIZED_AUTOS = YES;
				GCC_WARN_UNUSED_VARIABLE = YES;
				MACOSX_DEPLOYMENT_TARGET = 10.8;
				ONLY_ACTIVE_ARCH = YES;
				SDKROOT = macosx;
			};
			name = Debug;
		};
		E7E1602F163E964800C1A7D5 /* Release */ = {
			isa = XCBuildConfiguration;
			buildSettings = {
				ALWAYS_SEARCH_USER_PATHS = NO;
				ARCHS = "$(ARCHS_STANDARD_64_BIT)";
				CLANG_CXX_LANGUAGE_STANDARD = "gnu++0x";
				CLANG_CXX_LIBRARY = "libc++";
				CLANG_ENABLE_OBJC_ARC = YES;
				CLANG_WARN_EMPTY_BODY = YES;
				CLANG_WARN__DUPLICATE_METHOD_MATCH = YES;
				COPY_PHASE_STRIP = YES;
				DEBUG_INFORMATION_FORMAT = "dwarf-with-dsym";
				GCC_C_LANGUAGE_STANDARD = gnu99;
				GCC_ENABLE_OBJC_EXCEPTIONS = YES;
				GCC_WARN_64_TO_32_BIT_CONVERSION = YES;
				GCC_WARN_ABOUT_RETURN_TYPE = YES;
				GCC_WARN_UNINITIALIZED_AUTOS = YES;
				GCC_WARN_UNUSED_VARIABLE = YES;
				MACOSX_DEPLOYMENT_TARGET = 10.8;
				SDKROOT = macosx;
			};
			name = Release;
		};
		E7E16031163E964800C1A7D5 /* Debug */ = {
			isa = XCBuildConfiguration;
			buildSettings = {
				COMBINE_HIDPI_IMAGES = YES;
				GCC_PRECOMPILE_PREFIX_HEADER = YES;
				GCC_PREFIX_HEADER = "CustomAttributeTestApp/CustomAttributeTestApp-Prefix.pch";
				INFOPLIST_FILE = "CustomAttributeTestApp/CustomAttributeTestApp-Info.plist";
				PRODUCT_NAME = "$(TARGET_NAME)";
				WRAPPER_EXTENSION = app;
			};
			name = Debug;
		};
		E7E16032163E964800C1A7D5 /* Release */ = {
			isa = XCBuildConfiguration;
			buildSettings = {
				COMBINE_HIDPI_IMAGES = YES;
				GCC_PRECOMPILE_PREFIX_HEADER = YES;
				GCC_PREFIX_HEADER = "CustomAttributeTestApp/CustomAttributeTestApp-Prefix.pch";
				INFOPLIST_FILE = "CustomAttributeTestApp/CustomAttributeTestApp-Info.plist";
				PRODUCT_NAME = "$(TARGET_NAME)";
				WRAPPER_EXTENSION = app;
			};
			name = Release;
		};
/* End XCBuildConfiguration section */

/* Begin XCConfigurationList section */
		E7E1600C163E964800C1A7D5 /* Build configuration list for PBXProject "CustomAttributeTestApp" */ = {
			isa = XCConfigurationList;
			buildConfigurations = (
				E7E1602E163E964800C1A7D5 /* Debug */,
				E7E1602F163E964800C1A7D5 /* Release */,
			);
			defaultConfigurationIsVisible = 0;
			defaultConfigurationName = Release;
		};
		E7E16030163E964800C1A7D5 /* Build configuration list for PBXNativeTarget "CustomAttributeTestApp" */ = {
			isa = XCConfigurationList;
			buildConfigurations = (
				E7E16031163E964800C1A7D5 /* Debug */,
				E7E16032163E964800C1A7D5 /* Release */,
			);
			defaultConfigurationIsVisible = 0;
			defaultConfigurationName = Release;
		};
/* End XCConfigurationList section */
	};
	rootObject = E7E16009163E964800C1A7D5 /* Project object */;
}
